# This file is automatically @generated by Cargo.
# It is not intended for manual editing.
version = 4

[[package]]
name = "guard-agent"
version = "0.1.0"

[[package]]
name = "guard-cli"
version = "0.1.0"
dependencies = [
 "guard-core",
]

[[package]]
name = "guard-control"
version = "0.1.0"
dependencies = [
 "guard-agent",
 "guard-core",
]

[[package]]
name = "guard-core"
version = "0.1.0"

[[package]]
name = "guard-edge"
version = "0.1.0"
dependencies = [
 "guard-core",
]

[[package]]
name = "guard-profiles"
version = "0.1.0"
dependencies = [
 "guard-core",
]

[[package]]
name = "guard-provider"
version = "0.1.0"
dependencies = [
 "guard-core",
]

[[package]]
name = "guard-system"
version = "0.1.0"
